
Microsoft Visual Studio Solution File, Format Version 12.00
# Visual Studio Version 17
VisualStudioVersion = 17.13.35825.156 d17.13
MinimumVisualStudioVersion = 10.0.40219.1
Project("{FAE04EC0-301F-11D3-BF4B-00C04F79EFBC}") = "PROG6221_POE_10453370", "PROG6221_POE_10453370.csproj", "{5C92CBC1-769C-4121-A212-804B94AC1282}"
EndProject
Global
	GlobalSection(SolutionConfigurationPlatforms) = preSolution
		Debug|Any CPU = Debug|Any CPU
		Release|Any CPU = Release|Any CPU
	EndGlobalSection
	GlobalSection(ProjectConfigurationPlatforms) = postSolution
		{5C92CBC1-769C-4121-A212-804B94AC1282}.Debug|Any CPU.ActiveCfg = Debug|Any CPU
		{5C92CBC1-769C-4121-A212-804B94AC1282}.Debug|Any CPU.Build.0 = Debug|Any CPU
		{5C92CBC1-769C-4121-A212-804B94AC1282}.Release|Any CPU.ActiveCfg = Release|Any CPU
		{5C92CBC1-769C-4121-A212-804B94AC1282}.Release|Any CPU.Build.0 = Release|Any CPU
	EndGlobalSection
	GlobalSection(SolutionProperties) = preSolution
		HideSolutionNode = FALSE
	EndGlobalSection
	GlobalSection(ExtensibilityGlobals) = postSolution
		SolutionGuid = {A62D7985-F9BB-477D-9A04-9DC69CDC8D97}
	EndGlobalSection
EndGlobal
